// !$*UTF8*$!
{
	archiveVersion = 1;
	classes = {
	};
	objectVersion = 50;
	objects = {

/* Begin PBXBuildFile section */
		92F5EA1F20F3D08E005FBE84 /* AppDelegate.m in Sources */ = {isa = PBXBuildFile; fileRef = 92F5EA1E20F3D08E005FBE84 /* AppDelegate.m */; };
		92F5EA2520F3D08E005FBE84 /* Main.storyboard in Resources */ = {isa = PBXBuildFile; fileRef = 92F5EA2320F3D08E005FBE84 /* Main.storyboard */; };
		92F5EA2720F3D090005FBE84 /* Assets.xcassets in Resources */ = {isa = PBXBuildFile; fileRef = 92F5EA2620F3D090005FBE84 /* Assets.xcassets */; };
		92F5EA2A20F3D090005FBE84 /* LaunchScreen.storyboard in Resources */ = {isa = PBXBuildFile; fileRef = 92F5EA2820F3D090005FBE84 /* LaunchScreen.storyboard */; };
		92F5EA2D20F3D090005FBE84 /* main.m in Sources */ = {isa = PBXBuildFile; fileRef = 92F5EA2C20F3D090005FBE84 /* main.m */; };
		92F5EA3520F3D38D005FBE84 /* LoginViewController.m in Sources */ = {isa = PBXBuildFile; fileRef = 92F5EA3420F3D38D005FBE84 /* LoginViewController.m */; };
		92F5EA3820F3D7CB005FBE84 /* ChatViewController.m in Sources */ = {isa = PBXBuildFile; fileRef = 92F5EA3720F3D7CB005FBE84 /* ChatViewController.m */; };
		92F5EA3B20F3DB56005FBE84 /* MessageCell.m in Sources */ = {isa = PBXBuildFile; fileRef = 92F5EA3A20F3DB56005FBE84 /* MessageCell.m */; };
		9ECB3A1CCAF56D02CE480196 /* libPods-Parse.a in Frameworks */ = {isa = PBXBuildFile; fileRef = 1258BCD2659F90ED51D9DABB /* libPods-Parse.a */; };
/* End PBXBuildFile section */

/* Begin PBXFileReference section */
		1258BCD2659F90ED51D9DABB /* libPods-Parse.a */ = {isa = PBXFileReference; explicitFileType = archive.ar; includeInIndex = 0; path = "libPods-Parse.a"; sourceTree = BUILT_PRODUCTS_DIR; };
		1B0845DC84A4AE0E3878686F /* Pods-Parse.debug.xcconfig */ = {isa = PBXFileReference; includeInIndex = 1; lastKnownFileType = text.xcconfig; name = "Pods-Parse.debug.xcconfig"; path = "Pods/Target Support Files/Pods-Parse/Pods-Parse.debug.xcconfig"; sourceTree = "<group>"; };
		92F5EA1A20F3D08E005FBE84 /* Parse.app */ = {isa = PBXFileReference; explicitFileType = wrapper.application; includeInIndex = 0; path = Parse.app; sourceTree = BUILT_PRODUCTS_DIR; };
		92F5EA1D20F3D08E005FBE84 /* AppDelegate.h */ = {isa = PBXFileReference; lastKnownFileType = sourcecode.c.h; path = AppDelegate.h; sourceTree = "<group>"; };
		92F5EA1E20F3D08E005FBE84 /* AppDelegate.m */ = {isa = PBXFileReference; lastKnownFileType = sourcecode.c.objc; path = AppDelegate.m; sourceTree = "<group>"; };
		92F5EA2420F3D08E005FBE84 /* Base */ = {isa = PBXFileReference; lastKnownFileType = file.storyboard; name = Base; path = Base.lproj/Main.storyboard; sourceTree = "<group>"; };
		92F5EA2620F3D090005FBE84 /* Assets.xcassets */ = {isa = PBXFileReference; lastKnownFileType = folder.assetcatalog; path = Assets.xcassets; sourceTree = "<group>"; };
		92F5EA2920F3D090005FBE84 /* Base */ = {isa = PBXFileReference; lastKnownFileType = file.storyboard; name = Base; path = Base.lproj/LaunchScreen.storyboard; sourceTree = "<group>"; };
		92F5EA2B20F3D090005FBE84 /* Info.plist */ = {isa = PBXFileReference; lastKnownFileType = text.plist.xml; path = Info.plist; sourceTree = "<group>"; };
		92F5EA2C20F3D090005FBE84 /* main.m */ = {isa = PBXFileReference; lastKnownFileType = sourcecode.c.objc; path = main.m; sourceTree = "<group>"; };
		92F5EA3320F3D38D005FBE84 /* LoginViewController.h */ = {isa = PBXFileReference; lastKnownFileType = sourcecode.c.h; path = LoginViewController.h; sourceTree = "<group>"; };
		92F5EA3420F3D38D005FBE84 /* LoginViewController.m */ = {isa = PBXFileReference; lastKnownFileType = sourcecode.c.objc; path = LoginViewController.m; sourceTree = "<group>"; };
		92F5EA3620F3D7CB005FBE84 /* ChatViewController.h */ = {isa = PBXFileReference; lastKnownFileType = sourcecode.c.h; path = ChatViewController.h; sourceTree = "<group>"; };
		92F5EA3720F3D7CB005FBE84 /* ChatViewController.m */ = {isa = PBXFileReference; lastKnownFileType = sourcecode.c.objc; path = ChatViewController.m; sourceTree = "<group>"; };
		92F5EA3920F3DB56005FBE84 /* MessageCell.h */ = {isa = PBXFileReference; lastKnownFileType = sourcecode.c.h; path = MessageCell.h; sourceTree = "<group>"; };
		92F5EA3A20F3DB56005FBE84 /* MessageCell.m */ = {isa = PBXFileReference; lastKnownFileType = sourcecode.c.objc; path = MessageCell.m; sourceTree = "<group>"; };
		ADE1699175EA592E6055F035 /* Pods-Parse.release.xcconfig */ = {isa = PBXFileReference; includeInIndex = 1; lastKnownFileType = text.xcconfig; name = "Pods-Parse.release.xcconfig"; path = "Pods/Target Support Files/Pods-Parse/Pods-Parse.release.xcconfig"; sourceTree = "<group>"; };
/* End PBXFileReference section */

/* Begin PBXFrameworksBuildPhase section */
		92F5EA1720F3D08E005FBE84 /* Frameworks */ = {
			isa = PBXFrameworksBuildPhase;
			buildActionMask = 2147483647;
			files = (
				9ECB3A1CCAF56D02CE480196 /* libPods-Parse.a in Frameworks */,
			);
			runOnlyForDeploymentPostprocessing = 0;
		};
/* End PBXFrameworksBuildPhase section */

/* Begin PBXGroup section */
		61BA41032445B0FF83EC96EA /* Frameworks */ = {
			isa = PBXGroup;
			children = (
				1258BCD2659F90ED51D9DABB /* libPods-Parse.a */,
			);
			name = Frameworks;
			sourceTree = "<group>";
		};
		92F5EA1120F3D08E005FBE84 = {
			isa = PBXGroup;
			children = (
				92F5EA1C20F3D08E005FBE84 /* Parse */,
				92F5EA1B20F3D08E005FBE84 /* Products */,
				A4EBE0A1FD59A2609E45D117 /* Pods */,
				61BA41032445B0FF83EC96EA /* Frameworks */,
			);
			sourceTree = "<group>";
		};
		92F5EA1B20F3D08E005FBE84 /* Products */ = {
			isa = PBXGroup;
			children = (
				92F5EA1A20F3D08E005FBE84 /* Parse.app */,
			);
			name = Products;
			sourceTree = "<group>";
		};
		92F5EA1C20F3D08E005FBE84 /* Parse */ = {
			isa = PBXGroup;
			children = (
				92F5EA1D20F3D08E005FBE84 /* AppDelegate.h */,
				92F5EA1E20F3D08E005FBE84 /* AppDelegate.m */,
				92F5EA3320F3D38D005FBE84 /* LoginViewController.h */,
				92F5EA3420F3D38D005FBE84 /* LoginViewController.m */,
				92F5EA2320F3D08E005FBE84 /* Main.storyboard */,
				92F5EA3920F3DB56005FBE84 /* MessageCell.h */,
				92F5EA3A20F3DB56005FBE84 /* MessageCell.m */,
				92F5EA3620F3D7CB005FBE84 /* ChatViewController.h */,
				92F5EA3720F3D7CB005FBE84 /* ChatViewController.m */,
				92F5EA2620F3D090005FBE84 /* Assets.xcassets */,
				92F5EA2820F3D090005FBE84 /* LaunchScreen.storyboard */,
				92F5EA2B20F3D090005FBE84 /* Info.plist */,
				92F5EA2C20F3D090005FBE84 /* main.m */,
			);
			path = Parse;
			sourceTree = "<group>";
		};
		A4EBE0A1FD59A2609E45D117 /* Pods */ = {
			isa = PBXGroup;
			children = (
				1B0845DC84A4AE0E3878686F /* Pods-Parse.debug.xcconfig */,
				ADE1699175EA592E6055F035 /* Pods-Parse.release.xcconfig */,
			);
			name = Pods;
			sourceTree = "<group>";
		};
/* End PBXGroup section */

/* Begin PBXNativeTarget section */
		92F5EA1920F3D08E005FBE84 /* Parse */ = {
			isa = PBXNativeTarget;
			buildConfigurationList = 92F5EA3020F3D090005FBE84 /* Build configuration list for PBXNativeTarget "Parse" */;
			buildPhases = (
				F1CCA4EEB9E054543DA4F8CC /* [CP] Check Pods Manifest.lock */,
				92F5EA1620F3D08E005FBE84 /* Sources */,
				92F5EA1720F3D08E005FBE84 /* Frameworks */,
				92F5EA1820F3D08E005FBE84 /* Resources */,
				07349C67E104D53B8C740AAF /* [CP] Copy Pods Resources */,
			);
			buildRules = (
			);
			dependencies = (
			);
			name = Parse;
			productName = Parse;
			productReference = 92F5EA1A20F3D08E005FBE84 /* Parse.app */;
			productType = "com.apple.product-type.application";
		};
/* End PBXNativeTarget section */

/* Begin PBXProject section */
		92F5EA1220F3D08E005FBE84 /* Project object */ = {
			isa = PBXProject;
			attributes = {
				LastUpgradeCheck = 0940;
				ORGANIZATIONNAME = "Tiffany Ma";
				TargetAttributes = {
					92F5EA1920F3D08E005FBE84 = {
						CreatedOnToolsVersion = 9.4.1;
					};
				};
			};
			buildConfigurationList = 92F5EA1520F3D08E005FBE84 /* Build configuration list for PBXProject "Parse" */;
			compatibilityVersion = "Xcode 9.3";
			developmentRegion = en;
			hasScannedForEncodings = 0;
			knownRegions = (
				en,
				Base,
			);
			mainGroup = 92F5EA1120F3D08E005FBE84;
			productRefGroup = 92F5EA1B20F3D08E005FBE84 /* Products */;
			projectDirPath = "";
			projectRoot = "";
			targets = (
				92F5EA1920F3D08E005FBE84 /* Parse */,
			);
		};
/* End PBXProject section */

/* Begin PBXResourcesBuildPhase section */
		92F5EA1820F3D08E005FBE84 /* Resources */ = {
			isa = PBXResourcesBuildPhase;
			buildActionMask = 2147483647;
			files = (
				92F5EA2A20F3D090005FBE84 /* LaunchScreen.storyboard in Resources */,
				92F5EA2720F3D090005FBE84 /* Assets.xcassets in Resources */,
				92F5EA2520F3D08E005FBE84 /* Main.storyboard in Resources */,
			);
			runOnlyForDeploymentPostprocessing = 0;
		};
/* End PBXResourcesBuildPhase section */

/* Begin PBXShellScriptBuildPhase section */
		07349C67E104D53B8C740AAF /* [CP] Copy Pods Resources */ = {
			isa = PBXShellScriptBuildPhase;
			buildActionMask = 2147483647;
			files = (
			);
			inputPaths = (
				"${SRCROOT}/Pods/Target Support Files/Pods-Parse/Pods-Parse-resources.sh",
				"${PODS_CONFIGURATION_BUILD_DIR}/Parse/Parse.bundle",
			);
			name = "[CP] Copy Pods Resources";
			outputPaths = (
				"${TARGET_BUILD_DIR}/${UNLOCALIZED_RESOURCES_FOLDER_PATH}/Parse.bundle",
			);
			runOnlyForDeploymentPostprocessing = 0;
			shellPath = /bin/sh;
			shellScript = "\"${SRCROOT}/Pods/Target Support Files/Pods-Parse/Pods-Parse-resources.sh\"\n";
			showEnvVarsInLog = 0;
		};
		F1CCA4EEB9E054543DA4F8CC /* [CP] Check Pods Manifest.lock */ = {
			isa = PBXShellScriptBuildPhase;
			buildActionMask = 2147483647;
			files = (
			);
			inputPaths = (
				"${PODS_PODFILE_DIR_PATH}/Podfile.lock",
				"${PODS_ROOT}/Manifest.lock",
			);
			name = "[CP] Check Pods Manifest.lock";
			outputPaths = (
				"$(DERIVED_FILE_DIR)/Pods-Parse-checkManifestLockResult.txt",
			);
			runOnlyForDeploymentPostprocessing = 0;
			shellPath = /bin/sh;
			shellScript = "diff \"${PODS_PODFILE_DIR_PATH}/Podfile.lock\" \"${PODS_ROOT}/Manifest.lock\" > /dev/null\nif [ $? != 0 ] ; then\n    # print error to STDERR\n    echo \"error: The sandbox is not in sync with the Podfile.lock. Run 'pod install' or update your CocoaPods installation.\" >&2\n    exit 1\nfi\n# This output is used by Xcode 'outputs' to avoid re-running this script phase.\necho \"SUCCESS\" > \"${SCRIPT_OUTPUT_FILE_0}\"\n";
			showEnvVarsInLog = 0;
		};
/* End PBXShellScriptBuildPhase section */

/* Begin PBXSourcesBuildPhase section */
		92F5EA1620F3D08E005FBE84 /* Sources */ = {
			isa = PBXSourcesBuildPhase;
			buildActionMask = 2147483647;
			files = (
				92F5EA3520F3D38D005FBE84 /* LoginViewController.m in Sources */,
				92F5EA3820F3D7CB005FBE84 /* ChatViewController.m in Sources */,
				92F5EA3B20F3DB56005FBE84 /* MessageCell.m in Sources */,
				92F5EA2D20F3D090005FBE84 /* main.m in Sources */,
				92F5EA1F20F3D08E005FBE84 /* AppDelegate.m in Sources */,
			);
			runOnlyForDeploymentPostprocessing = 0;
		};
/* End PBXSourcesBuildPhase section */

/* Begin PBXVariantGroup section */
		92F5EA2320F3D08E005FBE84 /* Main.storyboard */ = {
			isa = PBXVariantGroup;
			children = (
				92F5EA2420F3D08E005FBE84 /* Base */,
			);
			name = Main.storyboard;
			sourceTree = "<group>";
		};
		92F5EA2820F3D090005FBE84 /* LaunchScreen.storyboard */ = {
			isa = PBXVariantGroup;
			children = (
				92F5EA2920F3D090005FBE84 /* Base */,
			);
			name = LaunchScreen.storyboard;
			sourceTree = "<group>";
		};
/* End PBXVariantGroup section */

/* Begin XCBuildConfiguration section */
		92F5EA2E20F3D090005FBE84 /* Debug */ = {
			isa = XCBuildConfiguration;
			buildSettings = {
				ALWAYS_SEARCH_USER_PATHS = NO;
				CLANG_ANALYZER_NONNULL = YES;
				CLANG_ANALYZER_NUMBER_OBJECT_CONVERSION = YES_AGGRESSIVE;
				CLANG_CXX_LANGUAGE_STANDARD = "gnu++14";
				CLANG_CXX_LIBRARY = "libc++";
				CLANG_ENABLE_MODULES = YES;
				CLANG_ENABLE_OBJC_ARC = YES;
				CLANG_ENABLE_OBJC_WEAK = YES;
				CLANG_WARN_BLOCK_CAPTURE_AUTORELEASING = YES;
				CLANG_WARN_BOOL_CONVERSION = YES;
				CLANG_WARN_COMMA = YES;
				CLANG_WARN_CONSTANT_CONVERSION = YES;
				CLANG_WARN_DEPRECATED_OBJC_IMPLEMENTATIONS = YES;
				CLANG_WARN_DIRECT_OBJC_ISA_USAGE = YES_ERROR;
				CLANG_WARN_DOCUMENTATION_COMMENTS = YES;
				CLANG_WARN_EMPTY_BODY = YES;
				CLANG_WARN_ENUM_CONVERSION = YES;
				CLANG_WARN_INFINITE_RECURSION = YES;
				CLANG_WARN_INT_CONVERSION = YES;
				CLANG_WARN_NON_LITERAL_NULL_CONVERSION = YES;
				CLANG_WARN_OBJC_IMPLICIT_RETAIN_SELF = YES;
				CLANG_WARN_OBJC_LITERAL_CONVERSION = YES;
				CLANG_WARN_OBJC_ROOT_CLASS = YES_ERROR;
				CLANG_WARN_RANGE_LOOP_ANALYSIS = YES;
				CLANG_WARN_STRICT_PROTOTYPES = YES;
				CLANG_WARN_SUSPICIOUS_MOVE = YES;
				CLANG_WARN_UNGUARDED_AVAILABILITY = YES_AGGRESSIVE;
				CLANG_WARN_UNREACHABLE_CODE = YES;
				CLANG_WARN__DUPLICATE_METHOD_MATCH = YES;
				CODE_SIGN_IDENTITY = "iPhone Developer";
				COPY_PHASE_STRIP = NO;
				DEBUG_INFORMATION_FORMAT = dwarf;
				ENABLE_STRICT_OBJC_MSGSEND = YES;
				ENABLE_TESTABILITY = YES;
				GCC_C_LANGUAGE_STANDARD = gnu11;
				GCC_DYNAMIC_NO_PIC = NO;
				GCC_NO_COMMON_BLOCKS = YES;
				GCC_OPTIMIZATION_LEVEL = 0;
				GCC_PREPROCESSOR_DEFINITIONS = (
					"DEBUG=1",
					"$(inherited)",
				);
				GCC_WARN_64_TO_32_BIT_CONVERSION = YES;
				GCC_WARN_ABOUT_RETURN_TYPE = YES_ERROR;
				GCC_WARN_UNDECLARED_SELECTOR = YES;
				GCC_WARN_UNINITIALIZED_AUTOS = YES_AGGRESSIVE;
				GCC_WARN_UNUSED_FUNCTION = YES;
				GCC_WARN_UNUSED_VARIABLE = YES;
				IPHONEOS_DEPLOYMENT_TARGET = 11.4;
				MTL_ENABLE_DEBUG_INFO = YES;
				ONLY_ACTIVE_ARCH = YES;
				SDKROOT = iphoneos;
			};
			name = Debug;
		};
		92F5EA2F20F3D090005FBE84 /* Release */ = {
			isa = XCBuildConfiguration;
			buildSettings = {
				ALWAYS_SEARCH_USER_PATHS = NO;
				CLANG_ANALYZER_NONNULL = YES;
				CLANG_ANALYZER_NUMBER_OBJECT_CONVERSION = YES_AGGRESSIVE;
				CLANG_CXX_LANGUAGE_STANDARD = "gnu++14";
				CLANG_CXX_LIBRARY = "libc++";
				CLANG_ENABLE_MODULES = YES;
				CLANG_ENABLE_OBJC_ARC = YES;
				CLANG_ENABLE_OBJC_WEAK = YES;
				CLANG_WARN_BLOCK_CAPTURE_AUTORELEASING = YES;
				CLANG_WARN_BOOL_CONVERSION = YES;
				CLANG_WARN_COMMA = YES;
				CLANG_WARN_CONSTANT_CONVERSION = YES;
				CLANG_WARN_DEPRECATED_OBJC_IMPLEMENTATIONS = YES;
				CLANG_WARN_DIRECT_OBJC_ISA_USAGE = YES_ERROR;
				CLANG_WARN_DOCUMENTATION_COMMENTS = YES;
				CLANG_WARN_EMPTY_BODY = YES;
				CLANG_WARN_ENUM_CONVERSION = YES;
				CLANG_WARN_INFINITE_RECURSION = YES;
				CLANG_WARN_INT_CONVERSION = YES;
				CLANG_WARN_NON_LITERAL_NULL_CONVERSION = YES;
				CLANG_WARN_OBJC_IMPLICIT_RETAIN_SELF = YES;
				CLANG_WARN_OBJC_LITERAL_CONVERSION = YES;
				CLANG_WARN_OBJC_ROOT_CLASS = YES_ERROR;
				CLANG_WARN_RANGE_LOOP_ANALYSIS = YES;
				CLANG_WARN_STRICT_PROTOTYPES = YES;
				CLANG_WARN_SUSPICIOUS_MOVE = YES;
				CLANG_WARN_UNGUARDED_AVAILABILITY = YES_AGGRESSIVE;
				CLANG_WARN_UNREACHABLE_CODE = YES;
				CLANG_WARN__DUPLICATE_METHOD_MATCH = YES;
				CODE_SIGN_IDENTITY = "iPhone Developer";
				COPY_PHASE_STRIP = NO;
				DEBUG_INFORMATION_FORMAT = "dwarf-with-dsym";
				ENABLE_NS_ASSERTIONS = NO;
				ENABLE_STRICT_OBJC_MSGSEND = YES;
				GCC_C_LANGUAGE_STANDARD = gnu11;
				GCC_NO_COMMON_BLOCKS = YES;
				GCC_WARN_64_TO_32_BIT_CONVERSION = YES;
				GCC_WARN_ABOUT_RETURN_TYPE = YES_ERROR;
				GCC_WARN_UNDECLARED_SELECTOR = YES;
				GCC_WARN_UNINITIALIZED_AUTOS = YES_AGGRESSIVE;
				GCC_WARN_UNUSED_FUNCTION = YES;
				GCC_WARN_UNUSED_VARIABLE = YES;
				IPHONEOS_DEPLOYMENT_TARGET = 11.4;
				MTL_ENABLE_DEBUG_INFO = NO;
				SDKROOT = iphoneos;
				VALIDATE_PRODUCT = YES;
			};
			name = Release;
		};
		92F5EA3120F3D090005FBE84 /* Debug */ = {
			isa = XCBuildConfiguration;
			baseConfigurationReference = 1B0845DC84A4AE0E3878686F /* Pods-Parse.debug.xcconfig */;
			buildSettings = {
				ASSETCATALOG_COMPILER_APPICON_NAME = AppIcon;
				CODE_SIGN_STYLE = Automatic;
				DEVELOPMENT_TEAM = 3ADDW46C7A;
				INFOPLIST_FILE = Parse/Info.plist;
				LD_RUNPATH_SEARCH_PATHS = (
					"$(inherited)",
					"@executable_path/Frameworks",
				);
				PRODUCT_BUNDLE_IDENTIFIER = com.tiffanyma.Parse;
				PRODUCT_NAME = "$(TARGET_NAME)";
				TARGETED_DEVICE_FAMILY = "1,2";
			};
			name = Debug;
		};
		92F5EA3220F3D090005FBE84 /* Release */ = {
			isa = XCBuildConfiguration;
			baseConfigurationReference = ADE1699175EA592E6055F035 /* Pods-Parse.release.xcconfig */;
			buildSettings = {
				ASSETCATALOG_COMPILER_APPICON_NAME = AppIcon;
				CODE_SIGN_STYLE = Automatic;
				DEVELOPMENT_TEAM = 3ADDW46C7A;
				INFOPLIST_FILE = Parse/Info.plist;
				LD_RUNPATH_SEARCH_PATHS = (
					"$(inherited)",
					"@executable_path/Frameworks",
				);
				PRODUCT_BUNDLE_IDENTIFIER = com.tiffanyma.Parse;
				PRODUCT_NAME = "$(TARGET_NAME)";
				TARGETED_DEVICE_FAMILY = "1,2";
			};
			name = Release;
		};
/* End XCBuildConfiguration section */

/* Begin XCConfigurationList section */
		92F5EA1520F3D08E005FBE84 /* Build configuration list for PBXProject "Parse" */ = {
			isa = XCConfigurationList;
			buildConfigurations = (
				92F5EA2E20F3D090005FBE84 /* Debug */,
				92F5EA2F20F3D090005FBE84 /* Release */,
			);
			defaultConfigurationIsVisible = 0;
			defaultConfigurationName = Release;
		};
		92F5EA3020F3D090005FBE84 /* Build configuration list for PBXNativeTarget "Parse" */ = {
			isa = XCConfigurationList;
			buildConfigurations = (
				92F5EA3120F3D090005FBE84 /* Debug */,
				92F5EA3220F3D090005FBE84 /* Release */,
			);
			defaultConfigurationIsVisible = 0;
			defaultConfigurationName = Release;
		};
/* End XCConfigurationList section */
	};
	rootObject = 92F5EA1220F3D08E005FBE84 /* Project object */;
}
